
Microsoft Visual Studio Solution File, Format Version 12.00
# Visual Studio 15
VisualStudioVersion = 15.0.27703.2026
MinimumVisualStudioVersion = 10.0.40219.1
Project("{9A19103F-16F7-4668-BE54-9A1E7A4F7556}") = "MRC.Data", "MRC.Data\MRC.Data.csproj", "{C6EE5362-3C17-40F2-A8EF-839C4A4AD8A7}"
EndProject
Project("{9A19103F-16F7-4668-BE54-9A1E7A4F7556}") = "MRC.Service", "MRC.Service\MRC.Service.csproj", "{7003EB94-A3C0-4912-9232-E1AC79F57D8A}"
EndProject
Project("{2150E333-8FDC-42A3-9474-1A3956D46DE8}") = "MRC", "MRC", "{957C33AB-6476-495D-9B6F-A3C260FB8FAF}"
EndProject
Project("{9A19103F-16F7-4668-BE54-9A1E7A4F7556}") = "MRC.AutoMapper", "MRC.AutoMapper\MRC.AutoMapper.csproj", "{2A071798-D46E-4E9B-9738-A5F964AB8461}"
EndProject
Project("{9A19103F-16F7-4668-BE54-9A1E7A4F7556}") = "MRC.ToolsAndEx", "MRC.Tools\MRC.ToolsAndEx.csproj", "{6546D8C1-CFA6-4B61-BDF8-7616A260F1C1}"
EndProject
Project("{9A19103F-16F7-4668-BE54-9A1E7A4F7556}") = "MRC.APP", "MRC.APP\MRC.APP.csproj", "{BCE16428-19AE-4F25-A2AE-43CF97A72644}"
EndProject
Project("{9A19103F-16F7-4668-BE54-9A1E7A4F7556}") = "MRC.MvcLib", "MRC.MvcLib\MRC.MvcLib.csproj", "{37D9303D-74A5-447F-89BB-CB28C5918A09}"
EndProject
Project("{9A19103F-16F7-4668-BE54-9A1E7A4F7556}") = "MRC.Domain", "MRC.Domain\MRC.Domain.csproj", "{90CFF57E-7130-44F1-A068-B227A9378912}"
EndProject
Project("{9A19103F-16F7-4668-BE54-9A1E7A4F7556}") = "CSRedisCore", "MRC.Redis\CSRedisCore.csproj", "{517A5D56-FDCA-46E0-A3CA-14B3BAE96108}"
EndProject
Global
	GlobalSection(SolutionConfigurationPlatforms) = preSolution
		Debug|Any CPU = Debug|Any CPU
		Release|Any CPU = Release|Any CPU
	EndGlobalSection
	GlobalSection(ProjectConfigurationPlatforms) = postSolution
		{C6EE5362-3C17-40F2-A8EF-839C4A4AD8A7}.Debug|Any CPU.ActiveCfg = Debug|Any CPU
		{C6EE5362-3C17-40F2-A8EF-839C4A4AD8A7}.Debug|Any CPU.Build.0 = Debug|Any CPU
		{C6EE5362-3C17-40F2-A8EF-839C4A4AD8A7}.Release|Any CPU.ActiveCfg = Release|Any CPU
		{C6EE5362-3C17-40F2-A8EF-839C4A4AD8A7}.Release|Any CPU.Build.0 = Release|Any CPU
		{7003EB94-A3C0-4912-9232-E1AC79F57D8A}.Debug|Any CPU.ActiveCfg = Debug|Any CPU
		{7003EB94-A3C0-4912-9232-E1AC79F57D8A}.Debug|Any CPU.Build.0 = Debug|Any CPU
		{7003EB94-A3C0-4912-9232-E1AC79F57D8A}.Release|Any CPU.ActiveCfg = Release|Any CPU
		{7003EB94-A3C0-4912-9232-E1AC79F57D8A}.Release|Any CPU.Build.0 = Release|Any CPU
		{2A071798-D46E-4E9B-9738-A5F964AB8461}.Debug|Any CPU.ActiveCfg = Debug|Any CPU
		{2A071798-D46E-4E9B-9738-A5F964AB8461}.Debug|Any CPU.Build.0 = Debug|Any CPU
		{2A071798-D46E-4E9B-9738-A5F964AB8461}.Release|Any CPU.ActiveCfg = Release|Any CPU
		{2A071798-D46E-4E9B-9738-A5F964AB8461}.Release|Any CPU.Build.0 = Release|Any CPU
		{6546D8C1-CFA6-4B61-BDF8-7616A260F1C1}.Debug|Any CPU.ActiveCfg = Debug|Any CPU
		{6546D8C1-CFA6-4B61-BDF8-7616A260F1C1}.Debug|Any CPU.Build.0 = Debug|Any CPU
		{6546D8C1-CFA6-4B61-BDF8-7616A260F1C1}.Release|Any CPU.ActiveCfg = Release|Any CPU
		{6546D8C1-CFA6-4B61-BDF8-7616A260F1C1}.Release|Any CPU.Build.0 = Release|Any CPU
		{BCE16428-19AE-4F25-A2AE-43CF97A72644}.Debug|Any CPU.ActiveCfg = Debug|Any CPU
		{BCE16428-19AE-4F25-A2AE-43CF97A72644}.Debug|Any CPU.Build.0 = Debug|Any CPU
		{BCE16428-19AE-4F25-A2AE-43CF97A72644}.Release|Any CPU.ActiveCfg = Release|Any CPU
		{BCE16428-19AE-4F25-A2AE-43CF97A72644}.Release|Any CPU.Build.0 = Release|Any CPU
		{37D9303D-74A5-447F-89BB-CB28C5918A09}.Debug|Any CPU.ActiveCfg = Debug|Any CPU
		{37D9303D-74A5-447F-89BB-CB28C5918A09}.Debug|Any CPU.Build.0 = Debug|Any CPU
		{37D9303D-74A5-447F-89BB-CB28C5918A09}.Release|Any CPU.ActiveCfg = Release|Any CPU
		{37D9303D-74A5-447F-89BB-CB28C5918A09}.Release|Any CPU.Build.0 = Release|Any CPU
		{90CFF57E-7130-44F1-A068-B227A9378912}.Debug|Any CPU.ActiveCfg = Debug|Any CPU
		{90CFF57E-7130-44F1-A068-B227A9378912}.Debug|Any CPU.Build.0 = Debug|Any CPU
		{90CFF57E-7130-44F1-A068-B227A9378912}.Release|Any CPU.ActiveCfg = Release|Any CPU
		{90CFF57E-7130-44F1-A068-B227A9378912}.Release|Any CPU.Build.0 = Release|Any CPU
		{517A5D56-FDCA-46E0-A3CA-14B3BAE96108}.Debug|Any CPU.ActiveCfg = Debug|Any CPU
		{517A5D56-FDCA-46E0-A3CA-14B3BAE96108}.Debug|Any CPU.Build.0 = Debug|Any CPU
		{517A5D56-FDCA-46E0-A3CA-14B3BAE96108}.Release|Any CPU.ActiveCfg = Release|Any CPU
		{517A5D56-FDCA-46E0-A3CA-14B3BAE96108}.Release|Any CPU.Build.0 = Release|Any CPU
	EndGlobalSection
	GlobalSection(SolutionProperties) = preSolution
		HideSolutionNode = FALSE
	EndGlobalSection
	GlobalSection(NestedProjects) = preSolution
		{2A071798-D46E-4E9B-9738-A5F964AB8461} = {957C33AB-6476-495D-9B6F-A3C260FB8FAF}
		{6546D8C1-CFA6-4B61-BDF8-7616A260F1C1} = {957C33AB-6476-495D-9B6F-A3C260FB8FAF}
		{37D9303D-74A5-447F-89BB-CB28C5918A09} = {957C33AB-6476-495D-9B6F-A3C260FB8FAF}
		{517A5D56-FDCA-46E0-A3CA-14B3BAE96108} = {957C33AB-6476-495D-9B6F-A3C260FB8FAF}
	EndGlobalSection
	GlobalSection(ExtensibilityGlobals) = postSolution
		SolutionGuid = {E7CB3935-2B58-4B3F-BBC7-E585DF6BD437}
	EndGlobalSection
EndGlobal
